
Microsoft Visual Studio Solution File, Format Version 12.00
# Visual Studio Version 16
VisualStudioVersion = 16.0.29709.97
MinimumVisualStudioVersion = 10.0.40219.1
Project("{8BC9CEB8-8B4A-11D0-8D11-00A0C91BC942}") = "Snake Game Server Side", "Snake Game Server Side\Snake Game Server Side.vcxproj", "{E0333978-3A33-45E9-9BAF-A66F5BE382A5}"
EndProject
Global
	GlobalSection(SolutionConfigurationPlatforms) = preSolution
		Debug|x64 = Debug|x64
		Debug|x86 = Debug|x86
		Release|x64 = Release|x64
		Release|x86 = Release|x86
	EndGlobalSection
	GlobalSection(ProjectConfigurationPlatforms) = postSolution
		{E0333978-3A33-45E9-9BAF-A66F5BE382A5}.Debug|x64.ActiveCfg = Debug|x64
		{E0333978-3A33-45E9-9BAF-A66F5BE382A5}.Debug|x64.Build.0 = Debug|x64
		{E0333978-3A33-45E9-9BAF-A66F5BE382A5}.Debug|x86.ActiveCfg = Debug|Win32
		{E0333978-3A33-45E9-9BAF-A66F5BE382A5}.Debug|x86.Build.0 = Debug|Win32
		{E0333978-3A33-45E9-9BAF-A66F5BE382A5}.Release|x64.ActiveCfg = Release|x64
		{E0333978-3A33-45E9-9BAF-A66F5BE382A5}.Release|x64.Build.0 = Release|x64
		{E0333978-3A33-45E9-9BAF-A66F5BE382A5}.Release|x86.ActiveCfg = Release|Win32
		{E0333978-3A33-45E9-9BAF-A66F5BE382A5}.Release|x86.Build.0 = Release|Win32
	EndGlobalSection
	GlobalSection(SolutionProperties) = preSolution
		HideSolutionNode = FALSE
	EndGlobalSection
	GlobalSection(ExtensibilityGlobals) = postSolution
		SolutionGuid = {177A1516-C77C-4266-96AD-229DB02901A7}
	EndGlobalSection
EndGlobal
